
Microsoft Visual Studio Solution File, Format Version 12.00
# Visual Studio 15
VisualStudioVersion = 15.0.27130.2010
MinimumVisualStudioVersion = 10.0.40219.1
Project("{FAE04EC0-301F-11D3-BF4B-00C04F79EFBC}") = "BinaryTree", "BinaryTree\BinaryTree.csproj", "{AAE3FFBA-7F40-461C-95D8-35AB48D64582}"
EndProject
Global
	GlobalSection(SolutionConfigurationPlatforms) = preSolution
		Debug|Any CPU = Debug|Any CPU
		Release|Any CPU = Release|Any CPU
	EndGlobalSection
	GlobalSection(ProjectConfigurationPlatforms) = postSolution
		{AAE3FFBA-7F40-461C-95D8-35AB48D64582}.Debug|Any CPU.ActiveCfg = Debug|Any CPU
		{AAE3FFBA-7F40-461C-95D8-35AB48D64582}.Debug|Any CPU.Build.0 = Debug|Any CPU
		{AAE3FFBA-7F40-461C-95D8-35AB48D64582}.Release|Any CPU.ActiveCfg = Release|Any CPU
		{AAE3FFBA-7F40-461C-95D8-35AB48D64582}.Release|Any CPU.Build.0 = Release|Any CPU
	EndGlobalSection
	GlobalSection(SolutionProperties) = preSolution
		HideSolutionNode = FALSE
	EndGlobalSection
	GlobalSection(ExtensibilityGlobals) = postSolution
		SolutionGuid = {69A86DFD-DEF6-4117-98ED-D3BF891AC673}
	EndGlobalSection
EndGlobal
